---
lockfileVersion: 1
lockfileVendor: redhat
arches:
- arch: x86_64
  packages:
  - url: https://rhsm-pulp.corp.redhat.com/content/eus/rhel9/9.2/x86_64/appstream/os/Packages/n/nodejs-18.20.2-2.module+el9.2.0+21812+f1e61652.x86_64.rpm
    repoid: rhel-9-for-appstream-eus-rpms
    size: 13250084
    checksum: sha256:3223af38417a5ab5380d1a7ea511065e6a0b0f5701a953920ba01d1a85c5bddc
    name: nodejs
    evr: 1:18.20.2-2.module+el9.2.0+21812+f1e61652
    sourcerpm: nodejs-18.20.2-2.module+el9.2.0+21812+f1e61652.src.rpm
  - url: https://rhsm-pulp.corp.redhat.com/content/eus/rhel9/9.2/x86_64/appstream/os/Packages/n/nodejs-docs-18.20.2-2.module+el9.2.0+21812+f1e61652.noarch.rpm
    repoid: rhel-9-for-appstream-eus-rpms
    size: 8316345
    checksum: sha256:fdc0a04b97739704a44ac192261c0767f6c471c9ff3c627c415a492a0b2ee7b2
    name: nodejs-docs
    evr: 1:18.20.2-2.module+el9.2.0+21812+f1e61652
    sourcerpm: nodejs-18.20.2-2.module+el9.2.0+21812+f1e61652.src.rpm
  - url: https://rhsm-pulp.corp.redhat.com/content/eus/rhel9/9.2/x86_64/appstream/os/Packages/n/nodejs-full-i18n-18.20.2-2.module+el9.2.0+21812+f1e61652.x86_64.rpm
    repoid: rhel-9-for-appstream-eus-rpms
    size: 8843310
    checksum: sha256:aa2bf5fe8ae74f612fcc6e955b4b96ed269d8c3f100f40478977be093402385f
    name: nodejs-full-i18n
    evr: 1:18.20.2-2.module+el9.2.0+21812+f1e61652
    sourcerpm: nodejs-18.20.2-2.module+el9.2.0+21812+f1e61652.src.rpm
  - url: https://rhsm-pulp.corp.redhat.com/content/eus/rhel9/9.2/x86_64/appstream/os/Packages/n/npm-10.5.0-1.18.20.2.2.module+el9.2.0+21812+f1e61652.x86_64.rpm
    repoid: rhel-9-for-appstream-eus-rpms
    size: 2496815
    checksum: sha256:128db6898e8a417a9ac68dc0e6bc2fc781d286fb4f61b58d67d5a07c1b51c824
    name: npm
    evr: 1:10.5.0-1.18.20.2.2.module+el9.2.0+21812+f1e61652
    sourcerpm: nodejs-18.20.2-2.module+el9.2.0+21812+f1e61652.src.rpm
  - url: https://rhsm-pulp.corp.redhat.com/content/eus/rhel9/9.2/x86_64/baseos/os/Packages/l/libbrotli-1.0.9-6.el9.x86_64.rpm
    repoid: rhel-9-for-baseos-eus-rpms
    size: 324495
    checksum: sha256:5eddffbe9de57d1f1a30fc0b4e8515b3f71cd7ff99c6397f024478b5cb9ab8e8
    name: libbrotli
    evr: 1.0.9-6.el9
    sourcerpm: brotli-1.0.9-6.el9.src.rpm
  source: []
  module_metadata:
  - url: https://rhsm-pulp.corp.redhat.com/content/eus/rhel9/9.2/x86_64/appstream/os/repodata/ea6598a2e37865b745aaaeb87174723baa23f0156ec66a1017b39e3f0681ee2c-modules.yaml.gz
    repoid: rhel-9-for-appstream-eus-rpms
    size: 8670
    checksum: sha256:ea6598a2e37865b745aaaeb87174723baa23f0156ec66a1017b39e3f0681ee2c
